github.com/LazarenkoA/1c-language-parser v0.0.0-20241103135659-8e163f9d24cf h1:VBG43F7yCsmsSRHD8MU+P+zZOEgo9LLCzRDjcQgp4l0=
github.com/LazarenkoA/1c-language-parser v0.0.0-20241103135659-8e163f9d24cf/go.mod h1:KiIG20fZ3HiNsSBbAgj3j3MowQASFQaPNAyaYUZyznU=
github.com/LazarenkoA/1c-language-parser v0.0.0-20241104153807-967432ca2328 h1:QYEBktZsdkuiF8UKD+J3jauhKzZQ9mnqeEn2sNTYCAA=
github.com/LazarenkoA/1c-language-parser v0.0.0-20241104153807-967432ca2328/go.mod h1:KiIG20fZ3HiNsSBbAgj3j3MowQASFQaPNAyaYUZyznU=
github.com/pkg/errors v0.9.1 h1:FEBLx1zS214owpjy7qsBeixbURkuhQAwrK5UwLGTwt4=
github.com/pkg/errors v0.9.1/go.mod h1:bwawxfHBFNV+L2hUp1rHADufV3IMtnDRdf1r5NINEl0=
github.com/rs/cors v1.11.1 h1:eU3gRzXLRK57F5rKMGMZURNdIG4EoAmX8k94r9wXWHA=
github.com/rs/cors v1.11.1/go.mod h1:XyqrcTp5zjWr1wsJ8PIRZssZ8b/WMcMf71DJnit4EMU=
github.com/samber/lo v1.47.0 h1:z7RynLwP5nbyRscyvcD043DWYoOcYRv3mV8lBeqOCLc=
github.com/samber/lo v1.47.0/go.mod h1:RmDH9Ct32Qy3gduHQuKJ3gW1fMHAnE/fAzQuf6He5cU=
golang.org/x/text v0.16.0 h1:a94ExnEXNtEwYLGJSIUxnWoxoRz/ZcCsV63ROupILh4=
golang.org/x/text v0.16.0/go.mod h1:GhwF1Be+LQoKShO3cGOHzqOgRrGaYc9AvblQOmPVHnI=
